Microsoft Visual Studio Solution File, Format Version 12.00
# Visual Studio Version 17
VisualStudioVersion = 17.5.2.0
MinimumVisualStudioVersion = 10.0.40219.1
Project("{FAE04EC0-301F-11D3-BF4B-00C04F79EFBC}") = "tres_num_dif", "tres_num_dif.csproj", "{FB2CC986-BD05-A48A-58F8-3F8A25CCA5D8}"
EndProject
Global
	GlobalSection(SolutionConfigurationPlatforms) = preSolution
		Debug|Any CPU = Debug|Any CPU
		Release|Any CPU = Release|Any CPU
	EndGlobalSection
	GlobalSection(ProjectConfigurationPlatforms) = postSolution
		{FB2CC986-BD05-A48A-58F8-3F8A25CCA5D8}.Debug|Any CPU.ActiveCfg = Debug|Any CPU
		{FB2CC986-BD05-A48A-58F8-3F8A25CCA5D8}.Debug|Any CPU.Build.0 = Debug|Any CPU
		{FB2CC986-BD05-A48A-58F8-3F8A25CCA5D8}.Release|Any CPU.ActiveCfg = Release|Any CPU
		{FB2CC986-BD05-A48A-58F8-3F8A25CCA5D8}.Release|Any CPU.Build.0 = Release|Any CPU
	EndGlobalSection
	GlobalSection(SolutionProperties) = preSolution
		HideSolutionNode = FALSE
	EndGlobalSection
	GlobalSection(ExtensibilityGlobals) = postSolution
		SolutionGuid = {5AB43223-86F6-4E8C-A522-872060681E1C}
	EndGlobalSection
EndGlobal
